
Microsoft Visual Studio Solution File, Format Version 12.00
# Visual Studio 15
VisualStudioVersion = 15.0.27128.1
MinimumVisualStudioVersion = 10.0.40219.1
Project("{FAE04EC0-301F-11D3-BF4B-00C04F79EFBC}") = "Workshop.SanFran", "Workshop.SanFran\Workshop.SanFran.csproj", "{9AE0A7A8-A6E0-408D-89AE-11DFBE1A0DCB}"
EndProject
Global
	GlobalSection(SolutionConfigurationPlatforms) = preSolution
		Debug|Any CPU = Debug|Any CPU
		Release|Any CPU = Release|Any CPU
	EndGlobalSection
	GlobalSection(ProjectConfigurationPlatforms) = postSolution
		{9AE0A7A8-A6E0-408D-89AE-11DFBE1A0DCB}.Debug|Any CPU.ActiveCfg = Debug|Any CPU
		{9AE0A7A8-A6E0-408D-89AE-11DFBE1A0DCB}.Debug|Any CPU.Build.0 = Debug|Any CPU
		{9AE0A7A8-A6E0-408D-89AE-11DFBE1A0DCB}.Release|Any CPU.ActiveCfg = Release|Any CPU
		{9AE0A7A8-A6E0-408D-89AE-11DFBE1A0DCB}.Release|Any CPU.Build.0 = Release|Any CPU
	EndGlobalSection
	GlobalSection(SolutionProperties) = preSolution
		HideSolutionNode = FALSE
	EndGlobalSection
	GlobalSection(ExtensibilityGlobals) = postSolution
		SolutionGuid = {E524F5DA-952B-43FA-A7A8-BA455CFE0F27}
	EndGlobalSection
EndGlobal
